{
  "name": "talktrack",
  "version": "0.1.0",
  "lockfileVersion": 3,
  "requires": true,
  "packages": {
    "": {
      "name": "talktrack",
      "version": "0.1.0",
      "hasInstallScript": true,
      "license": "UNLICENSED",
      "dependencies": {
        "@kk/design-system": "github:konstantinopolskii/kk-agentic-ds"
      },
      "engines": {
        "node": ">=18"
      }
    },
    "node_modules/@kk/design-system": {
      "version": "1.5.1",
      "resolved": "git+ssh://git@github.com/konstantinopolskii/kk-agentic-ds.git#901809f98e82cc8861d6b3811cb792a09227eba5",
      "hasInstallScript": true,
      "license": "UNLICENSED",
      "engines": {
        "node": ">=18"
      }
    }
  }
}
